{
  "name": "agent-genkit",
  "version": "1.0.0",
  "lockfileVersion": 3,
  "requires": true,
  "packages": {
    "": {
      "name": "agent-genkit",
      "version": "1.0.0",
      "license": "Apache-2.0",
      "dependencies": {
        "@auth0/ai": "@auth0/ai:*",
        "@auth0/ai-genkit": "@auth0/ai-genkit:*",
        "dotenv": "^16.4.7",
        "zod": "^3.24.1"
      }
    },
    "@auth0/ai-genkit:*": {},
    "@auth0/ai:*": {},
    "node_modules/@auth0/ai": {
      "resolved": "@auth0/ai:*",
      "link": true
    },
    "node_modules/@auth0/ai-genkit": {
      "resolved": "@auth0/ai-genkit:*",
      "link": true
    },
    "node_modules/dotenv": {
      "version": "16.4.7",
      "license": "BSD-2-Clause",
      "engines": {
        "node": ">=12"
      },
      "funding": {
        "url": "https://dotenvx.com"
      }
    },
    "node_modules/zod": {
      "version": "3.24.1",
      "license": "MIT",
      "funding": {
        "url": "https://github.com/sponsors/colinhacks"
      }
    }
  }
}
